
Microsoft Visual Studio Solution File, Format Version 12.00
# Visual Studio Version 17
VisualStudioVersion = 17.9.34723.18
MinimumVisualStudioVersion = 10.0.40219.1
Project("{9A19103F-16F7-4668-BE54-9A1E7A4F7556}") = "Generic_List_Task", "Generic_List_Task\Generic_List_Task.csproj", "{A7512874-531C-4AA1-A06D-7478150CFF48}"
EndProject
Project("{9A19103F-16F7-4668-BE54-9A1E7A4F7556}") = "GenericMetod_Swap_Task", "GenericMetod_Swap_Task\GenericMetod_Swap_Task.csproj", "{0154DAFE-F843-495E-B0A5-02AD2AA50EE1}"
EndProject
Project("{9A19103F-16F7-4668-BE54-9A1E7A4F7556}") = "Group_Task", "Group_Task\Group_Task.csproj", "{8DD5425A-B23D-4F97-852A-FF6870F5097C}"
EndProject
Project("{9A19103F-16F7-4668-BE54-9A1E7A4F7556}") = "Course_Task", "Course_Task\Course_Task.csproj", "{588D4739-4D51-45B7-8A36-4D70602D7D1E}"
EndProject
Project("{FAE04EC0-301F-11D3-BF4B-00C04F79EFBC}") = "ShopTeaCoffe_Task", "ShopTeaCoffe_Task\ShopTeaCoffe_Task.csproj", "{F1685E33-3E18-4B6E-959E-32CD9CDB990F}"
EndProject
Global
	GlobalSection(SolutionConfigurationPlatforms) = preSolution
		Debug|Any CPU = Debug|Any CPU
		Release|Any CPU = Release|Any CPU
	EndGlobalSection
	GlobalSection(ProjectConfigurationPlatforms) = postSolution
		{A7512874-531C-4AA1-A06D-7478150CFF48}.Debug|Any CPU.ActiveCfg = Debug|Any CPU
		{A7512874-531C-4AA1-A06D-7478150CFF48}.Debug|Any CPU.Build.0 = Debug|Any CPU
		{A7512874-531C-4AA1-A06D-7478150CFF48}.Release|Any CPU.ActiveCfg = Release|Any CPU
		{A7512874-531C-4AA1-A06D-7478150CFF48}.Release|Any CPU.Build.0 = Release|Any CPU
		{0154DAFE-F843-495E-B0A5-02AD2AA50EE1}.Debug|Any CPU.ActiveCfg = Debug|Any CPU
		{0154DAFE-F843-495E-B0A5-02AD2AA50EE1}.Debug|Any CPU.Build.0 = Debug|Any CPU
		{0154DAFE-F843-495E-B0A5-02AD2AA50EE1}.Release|Any CPU.ActiveCfg = Release|Any CPU
		{0154DAFE-F843-495E-B0A5-02AD2AA50EE1}.Release|Any CPU.Build.0 = Release|Any CPU
		{8DD5425A-B23D-4F97-852A-FF6870F5097C}.Debug|Any CPU.ActiveCfg = Debug|Any CPU
		{8DD5425A-B23D-4F97-852A-FF6870F5097C}.Debug|Any CPU.Build.0 = Debug|Any CPU
		{8DD5425A-B23D-4F97-852A-FF6870F5097C}.Release|Any CPU.ActiveCfg = Release|Any CPU
		{8DD5425A-B23D-4F97-852A-FF6870F5097C}.Release|Any CPU.Build.0 = Release|Any CPU
		{588D4739-4D51-45B7-8A36-4D70602D7D1E}.Debug|Any CPU.ActiveCfg = Debug|Any CPU
		{588D4739-4D51-45B7-8A36-4D70602D7D1E}.Debug|Any CPU.Build.0 = Debug|Any CPU
		{588D4739-4D51-45B7-8A36-4D70602D7D1E}.Release|Any CPU.ActiveCfg = Release|Any CPU
		{588D4739-4D51-45B7-8A36-4D70602D7D1E}.Release|Any CPU.Build.0 = Release|Any CPU
		{F1685E33-3E18-4B6E-959E-32CD9CDB990F}.Debug|Any CPU.ActiveCfg = Debug|Any CPU
		{F1685E33-3E18-4B6E-959E-32CD9CDB990F}.Debug|Any CPU.Build.0 = Debug|Any CPU
		{F1685E33-3E18-4B6E-959E-32CD9CDB990F}.Release|Any CPU.ActiveCfg = Release|Any CPU
		{F1685E33-3E18-4B6E-959E-32CD9CDB990F}.Release|Any CPU.Build.0 = Release|Any CPU
	EndGlobalSection
	GlobalSection(SolutionProperties) = preSolution
		HideSolutionNode = FALSE
	EndGlobalSection
	GlobalSection(ExtensibilityGlobals) = postSolution
		SolutionGuid = {0DDAA0B1-57A5-44AC-B7BC-E69797C4B074}
	EndGlobalSection
EndGlobal
